
Microsoft Visual Studio Solution File, Format Version 12.00
# Visual Studio Version 17
VisualStudioVersion = 17.0.31903.59
MinimumVisualStudioVersion = 10.0.40219.1
Project("{2150E333-8FDC-42A3-9474-1A3956D46DE8}") = "src", "src", "{B74A5F6C-4DEB-4BCE-9748-BB8B0F17FCC2}"
EndProject
Project("{FAE04EC0-301F-11D3-BF4B-00C04F79EFBC}") = "ProjectManager.Api", "src\ProjectManager.Api\ProjectManager.Api.csproj", "{2019188F-C698-427B-8124-6B27D76FA2F9}"
EndProject
Project("{FAE04EC0-301F-11D3-BF4B-00C04F79EFBC}") = "ProjectManager.Application", "src\ProjectManager.Application\ProjectManager.Application.csproj", "{696E9D96-F7F2-4346-8328-EA8FE7603CAC}"
EndProject
Project("{FAE04EC0-301F-11D3-BF4B-00C04F79EFBC}") = "ProjectManager.Infrastructure", "src\ProjectManager.Infrastructure\ProjectManager.Infrastructure.csproj", "{07B9AFD3-FBE6-4B56-AA31-6C677C37D9B8}"
EndProject
Project("{FAE04EC0-301F-11D3-BF4B-00C04F79EFBC}") = "ProjectManager.Domain", "src\ProjectManager.Domain\ProjectManager.Domain.csproj", "{E2D14B12-C41B-4268-938F-30A8E6934E93}"
EndProject
Project("{2150E333-8FDC-42A3-9474-1A3956D46DE8}") = "tests", "tests", "{20AC1183-054F-4249-9E77-43B8859C4FF6}"
EndProject
Project("{FAE04EC0-301F-11D3-BF4B-00C04F79EFBC}") = "ProjectManager.Api.Tests", "tests\ProjectManager.Api.Tests\ProjectManager.Api.Tests.csproj", "{4A575702-1EA4-4D7E-878D-E10085E44704}"
EndProject
Global
	GlobalSection(SolutionConfigurationPlatforms) = preSolution
		Debug|Any CPU = Debug|Any CPU
		Release|Any CPU = Release|Any CPU
	EndGlobalSection
	GlobalSection(SolutionProperties) = preSolution
		HideSolutionNode = FALSE
	EndGlobalSection
	GlobalSection(ProjectConfigurationPlatforms) = postSolution
		{2019188F-C698-427B-8124-6B27D76FA2F9}.Debug|Any CPU.ActiveCfg = Debug|Any CPU
		{2019188F-C698-427B-8124-6B27D76FA2F9}.Debug|Any CPU.Build.0 = Debug|Any CPU
		{2019188F-C698-427B-8124-6B27D76FA2F9}.Release|Any CPU.ActiveCfg = Release|Any CPU
		{2019188F-C698-427B-8124-6B27D76FA2F9}.Release|Any CPU.Build.0 = Release|Any CPU
		{696E9D96-F7F2-4346-8328-EA8FE7603CAC}.Debug|Any CPU.ActiveCfg = Debug|Any CPU
		{696E9D96-F7F2-4346-8328-EA8FE7603CAC}.Debug|Any CPU.Build.0 = Debug|Any CPU
		{696E9D96-F7F2-4346-8328-EA8FE7603CAC}.Release|Any CPU.ActiveCfg = Release|Any CPU
		{696E9D96-F7F2-4346-8328-EA8FE7603CAC}.Release|Any CPU.Build.0 = Release|Any CPU
		{07B9AFD3-FBE6-4B56-AA31-6C677C37D9B8}.Debug|Any CPU.ActiveCfg = Debug|Any CPU
		{07B9AFD3-FBE6-4B56-AA31-6C677C37D9B8}.Debug|Any CPU.Build.0 = Debug|Any CPU
		{07B9AFD3-FBE6-4B56-AA31-6C677C37D9B8}.Release|Any CPU.ActiveCfg = Release|Any CPU
		{07B9AFD3-FBE6-4B56-AA31-6C677C37D9B8}.Release|Any CPU.Build.0 = Release|Any CPU
		{E2D14B12-C41B-4268-938F-30A8E6934E93}.Debug|Any CPU.ActiveCfg = Debug|Any CPU
		{E2D14B12-C41B-4268-938F-30A8E6934E93}.Debug|Any CPU.Build.0 = Debug|Any CPU
		{E2D14B12-C41B-4268-938F-30A8E6934E93}.Release|Any CPU.ActiveCfg = Release|Any CPU
		{E2D14B12-C41B-4268-938F-30A8E6934E93}.Release|Any CPU.Build.0 = Release|Any CPU
		{4A575702-1EA4-4D7E-878D-E10085E44704}.Debug|Any CPU.ActiveCfg = Debug|Any CPU
		{4A575702-1EA4-4D7E-878D-E10085E44704}.Debug|Any CPU.Build.0 = Debug|Any CPU
		{4A575702-1EA4-4D7E-878D-E10085E44704}.Release|Any CPU.ActiveCfg = Release|Any CPU
		{4A575702-1EA4-4D7E-878D-E10085E44704}.Release|Any CPU.Build.0 = Release|Any CPU
	EndGlobalSection
	GlobalSection(NestedProjects) = preSolution
		{2019188F-C698-427B-8124-6B27D76FA2F9} = {B74A5F6C-4DEB-4BCE-9748-BB8B0F17FCC2}
		{696E9D96-F7F2-4346-8328-EA8FE7603CAC} = {B74A5F6C-4DEB-4BCE-9748-BB8B0F17FCC2}
		{07B9AFD3-FBE6-4B56-AA31-6C677C37D9B8} = {B74A5F6C-4DEB-4BCE-9748-BB8B0F17FCC2}
		{E2D14B12-C41B-4268-938F-30A8E6934E93} = {B74A5F6C-4DEB-4BCE-9748-BB8B0F17FCC2}
		{4A575702-1EA4-4D7E-878D-E10085E44704} = {20AC1183-054F-4249-9E77-43B8859C4FF6}
	EndGlobalSection
EndGlobal
